
Microsoft Visual Studio Solution File, Format Version 12.00
# Visual Studio Version 16
VisualStudioVersion = 16.0.30804.86
MinimumVisualStudioVersion = 10.0.40219.1
Project("{FAE04EC0-301F-11D3-BF4B-00C04F79EFBC}") = "Flappy Bird", "Flappy Bird\Flappy Bird.csproj", "{C7EB7867-D32A-4EE4-AB32-42B990AAF568}"
EndProject
Global
	GlobalSection(SolutionConfigurationPlatforms) = preSolution
		Debug|Any CPU = Debug|Any CPU
		Release|Any CPU = Release|Any CPU
	EndGlobalSection
	GlobalSection(ProjectConfigurationPlatforms) = postSolution
		{C7EB7867-D32A-4EE4-AB32-42B990AAF568}.Debug|Any CPU.ActiveCfg = Debug|Any CPU
		{C7EB7867-D32A-4EE4-AB32-42B990AAF568}.Debug|Any CPU.Build.0 = Debug|Any CPU
		{C7EB7867-D32A-4EE4-AB32-42B990AAF568}.Release|Any CPU.ActiveCfg = Release|Any CPU
		{C7EB7867-D32A-4EE4-AB32-42B990AAF568}.Release|Any CPU.Build.0 = Release|Any CPU
	EndGlobalSection
	GlobalSection(SolutionProperties) = preSolution
		HideSolutionNode = FALSE
	EndGlobalSection
	GlobalSection(ExtensibilityGlobals) = postSolution
		SolutionGuid = {8DC3DAE9-2F5C-45B0-B3E2-7D46BA766443}
	EndGlobalSection
EndGlobal
